
Microsoft Visual Studio Solution File, Format Version 12.00
# Visual Studio Version 17
VisualStudioVersion = 17.11.35327.3
MinimumVisualStudioVersion = 10.0.40219.1
Project("{9A19103F-16F7-4668-BE54-9A1E7A4F7556}") = "Localhost_Client", "Localhost_Client\Localhost_Client.csproj", "{864BB3D3-7950-4632-8597-71A2C799FA52}"
EndProject
Project("{911E67C6-3D85-4FCE-B560-20A9C3E3FF48}") = "Localhost_Server", "..\Localhost_Server\Localhost_Server\bin\Debug\net8.0\Localhost_Server.exe", "{2528DF1E-6B54-46FB-90B4-1AC336EAEC8B}"
	ProjectSection(DebuggerProjectSystem) = preProject
		PortSupplier = 00000000-0000-0000-0000-000000000000
		Executable = C:\Users\andre\source\repos\Localhost_Server\Localhost_Server\bin\Debug\net8.0\Localhost_Server.exe
		RemoteMachine = DESKTOP-8OI02CS
		StartingDirectory = C:\Users\andre\source\repos\Localhost_Server\Localhost_Server\bin\Debug\net8.0
		Environment = Default
		LaunchingEngine = 00000000-0000-0000-0000-000000000000
		UseLegacyDebugEngines = No
		LaunchSQLEngine = No
		AttachLaunchAction = No
		IORedirection = Auto
	EndProjectSection
EndProject
Global
	GlobalSection(SolutionConfigurationPlatforms) = preSolution
		Debug|Any CPU = Debug|Any CPU
		Debug|x64 = Debug|x64
		Release|Any CPU = Release|Any CPU
		Release|x64 = Release|x64
	EndGlobalSection
	GlobalSection(ProjectConfigurationPlatforms) = postSolution
		{864BB3D3-7950-4632-8597-71A2C799FA52}.Debug|Any CPU.ActiveCfg = Debug|Any CPU
		{864BB3D3-7950-4632-8597-71A2C799FA52}.Debug|Any CPU.Build.0 = Debug|Any CPU
		{864BB3D3-7950-4632-8597-71A2C799FA52}.Debug|x64.ActiveCfg = Debug|Any CPU
		{864BB3D3-7950-4632-8597-71A2C799FA52}.Debug|x64.Build.0 = Debug|Any CPU
		{864BB3D3-7950-4632-8597-71A2C799FA52}.Release|Any CPU.ActiveCfg = Release|Any CPU
		{864BB3D3-7950-4632-8597-71A2C799FA52}.Release|Any CPU.Build.0 = Release|Any CPU
		{864BB3D3-7950-4632-8597-71A2C799FA52}.Release|x64.ActiveCfg = Release|Any CPU
		{864BB3D3-7950-4632-8597-71A2C799FA52}.Release|x64.Build.0 = Release|Any CPU
		{2528DF1E-6B54-46FB-90B4-1AC336EAEC8B}.Debug|Any CPU.ActiveCfg = Release|x64
		{2528DF1E-6B54-46FB-90B4-1AC336EAEC8B}.Debug|x64.ActiveCfg = Release|x64
		{2528DF1E-6B54-46FB-90B4-1AC336EAEC8B}.Release|Any CPU.ActiveCfg = Release|x64
		{2528DF1E-6B54-46FB-90B4-1AC336EAEC8B}.Release|x64.ActiveCfg = Release|x64
	EndGlobalSection
	GlobalSection(SolutionProperties) = preSolution
		HideSolutionNode = FALSE
	EndGlobalSection
	GlobalSection(ExtensibilityGlobals) = postSolution
		SolutionGuid = {9ADDA942-2F26-484C-A156-1AAF1B371D73}
	EndGlobalSection
EndGlobal
